
Microsoft Visual Studio Solution File, Format Version 12.00
# Visual Studio Version 17
VisualStudioVersion = 17.4.33110.190
MinimumVisualStudioVersion = 10.0.40219.1
Project("{00D1A9C2-B5F0-4AF3-8072-F6C62B433612}") = "SIP.SurveyMaker.DB", "SIP.SurveyMaker.DB\SIP.SurveyMaker.DB.sqlproj", "{91BA03C8-796F-487C-AF47-3AD9786E19DD}"
EndProject
Project("{9A19103F-16F7-4668-BE54-9A1E7A4F7556}") = "SIP.SurveyMaker.PL", "SIP.SurveyMaker.PL\SIP.SurveyMaker.PL.csproj", "{A16B990E-F6BA-4040-87B1-709A37B8B6FF}"
EndProject
Project("{9A19103F-16F7-4668-BE54-9A1E7A4F7556}") = "SIP.SurveyMaker.PL.Test", "SIP.SurveyMaker.PL.Test\SIP.SurveyMaker.PL.Test.csproj", "{D0E7D113-7403-4C07-BBFA-D23DA0FC07E9}"
EndProject
Project("{9A19103F-16F7-4668-BE54-9A1E7A4F7556}") = "SIP.SurveyMaker.BL.Models", "SIP.SurveyMaker.BL.Models\SIP.SurveyMaker.BL.Models.csproj", "{792C7311-B5ED-47CD-9444-D990351A67C2}"
EndProject
Project("{2150E333-8FDC-42A3-9474-1A3956D46DE8}") = "Solution Items", "Solution Items", "{85773119-AAAB-4A4B-995C-07CFDF97E6A0}"
	ProjectSection(SolutionItems) = preProject
		TextFile1.txt = TextFile1.txt
	EndProjectSection
EndProject
Project("{9A19103F-16F7-4668-BE54-9A1E7A4F7556}") = "SIP.SurveyMaker.BL", "SIP.SurveyMaker.BL\SIP.SurveyMaker.BL.csproj", "{E6BCD7EF-0D89-4060-AF22-35308F46FE71}"
EndProject
Project("{9A19103F-16F7-4668-BE54-9A1E7A4F7556}") = "SIP.SurveyMaker.WPFUI", "SIP.SurveyMaker.WPFUI\SIP.SurveyMaker.WPFUI.csproj", "{59A16470-9E0D-4BA9-A36D-6C7E3ED7357F}"
EndProject
Project("{9A19103F-16F7-4668-BE54-9A1E7A4F7556}") = "SIP.SurveyMaker.BL.Test", "SIP.SurveyMaker.BL.Test\SIP.SurveyMaker.BL.Test.csproj", "{5FBACD16-1D1B-4841-94DC-9EA52D9B7FA8}"
EndProject
Project("{9A19103F-16F7-4668-BE54-9A1E7A4F7556}") = "SIP.SurveyMaker.API", "SIP.SurveyMaker.API\SIP.SurveyMaker.API.csproj", "{3BC7861C-9EA5-4514-BF2B-385967346D86}"
EndProject
Project("{9A19103F-16F7-4668-BE54-9A1E7A4F7556}") = "SIP.SurveyMaker.API.Test", "SIP.SurveyMaker.API.Test\SIP.SurveyMaker.API.Test.csproj", "{5EFFADA7-81AB-488A-90BE-C6FA939ADCE7}"
EndProject
Project("{9A19103F-16F7-4668-BE54-9A1E7A4F7556}") = "SIP.Utility", "SIP.Utility\SIP.Utility.csproj", "{6FAB1954-3594-426A-A700-4F552DA7180C}"
EndProject
Global
	GlobalSection(SolutionConfigurationPlatforms) = preSolution
		Debug|Any CPU = Debug|Any CPU
		Release|Any CPU = Release|Any CPU
	EndGlobalSection
	GlobalSection(ProjectConfigurationPlatforms) = postSolution
		{91BA03C8-796F-487C-AF47-3AD9786E19DD}.Debug|Any CPU.ActiveCfg = Debug|Any CPU
		{91BA03C8-796F-487C-AF47-3AD9786E19DD}.Debug|Any CPU.Build.0 = Debug|Any CPU
		{91BA03C8-796F-487C-AF47-3AD9786E19DD}.Debug|Any CPU.Deploy.0 = Debug|Any CPU
		{91BA03C8-796F-487C-AF47-3AD9786E19DD}.Release|Any CPU.ActiveCfg = Release|Any CPU
		{91BA03C8-796F-487C-AF47-3AD9786E19DD}.Release|Any CPU.Build.0 = Release|Any CPU
		{91BA03C8-796F-487C-AF47-3AD9786E19DD}.Release|Any CPU.Deploy.0 = Release|Any CPU
		{A16B990E-F6BA-4040-87B1-709A37B8B6FF}.Debug|Any CPU.ActiveCfg = Debug|Any CPU
		{A16B990E-F6BA-4040-87B1-709A37B8B6FF}.Debug|Any CPU.Build.0 = Debug|Any CPU
		{A16B990E-F6BA-4040-87B1-709A37B8B6FF}.Release|Any CPU.ActiveCfg = Release|Any CPU
		{A16B990E-F6BA-4040-87B1-709A37B8B6FF}.Release|Any CPU.Build.0 = Release|Any CPU
		{D0E7D113-7403-4C07-BBFA-D23DA0FC07E9}.Debug|Any CPU.ActiveCfg = Debug|Any CPU
		{D0E7D113-7403-4C07-BBFA-D23DA0FC07E9}.Debug|Any CPU.Build.0 = Debug|Any CPU
		{D0E7D113-7403-4C07-BBFA-D23DA0FC07E9}.Release|Any CPU.ActiveCfg = Release|Any CPU
		{D0E7D113-7403-4C07-BBFA-D23DA0FC07E9}.Release|Any CPU.Build.0 = Release|Any CPU
		{792C7311-B5ED-47CD-9444-D990351A67C2}.Debug|Any CPU.ActiveCfg = Debug|Any CPU
		{792C7311-B5ED-47CD-9444-D990351A67C2}.Debug|Any CPU.Build.0 = Debug|Any CPU
		{792C7311-B5ED-47CD-9444-D990351A67C2}.Release|Any CPU.ActiveCfg = Release|Any CPU
		{792C7311-B5ED-47CD-9444-D990351A67C2}.Release|Any CPU.Build.0 = Release|Any CPU
		{E6BCD7EF-0D89-4060-AF22-35308F46FE71}.Debug|Any CPU.ActiveCfg = Debug|Any CPU
		{E6BCD7EF-0D89-4060-AF22-35308F46FE71}.Debug|Any CPU.Build.0 = Debug|Any CPU
		{E6BCD7EF-0D89-4060-AF22-35308F46FE71}.Release|Any CPU.ActiveCfg = Release|Any CPU
		{E6BCD7EF-0D89-4060-AF22-35308F46FE71}.Release|Any CPU.Build.0 = Release|Any CPU
		{59A16470-9E0D-4BA9-A36D-6C7E3ED7357F}.Debug|Any CPU.ActiveCfg = Debug|Any CPU
		{59A16470-9E0D-4BA9-A36D-6C7E3ED7357F}.Debug|Any CPU.Build.0 = Debug|Any CPU
		{59A16470-9E0D-4BA9-A36D-6C7E3ED7357F}.Release|Any CPU.ActiveCfg = Release|Any CPU
		{59A16470-9E0D-4BA9-A36D-6C7E3ED7357F}.Release|Any CPU.Build.0 = Release|Any CPU
		{5FBACD16-1D1B-4841-94DC-9EA52D9B7FA8}.Debug|Any CPU.ActiveCfg = Debug|Any CPU
		{5FBACD16-1D1B-4841-94DC-9EA52D9B7FA8}.Debug|Any CPU.Build.0 = Debug|Any CPU
		{5FBACD16-1D1B-4841-94DC-9EA52D9B7FA8}.Release|Any CPU.ActiveCfg = Release|Any CPU
		{5FBACD16-1D1B-4841-94DC-9EA52D9B7FA8}.Release|Any CPU.Build.0 = Release|Any CPU
		{3BC7861C-9EA5-4514-BF2B-385967346D86}.Debug|Any CPU.ActiveCfg = Debug|Any CPU
		{3BC7861C-9EA5-4514-BF2B-385967346D86}.Debug|Any CPU.Build.0 = Debug|Any CPU
		{3BC7861C-9EA5-4514-BF2B-385967346D86}.Release|Any CPU.ActiveCfg = Release|Any CPU
		{3BC7861C-9EA5-4514-BF2B-385967346D86}.Release|Any CPU.Build.0 = Release|Any CPU
		{5EFFADA7-81AB-488A-90BE-C6FA939ADCE7}.Debug|Any CPU.ActiveCfg = Debug|Any CPU
		{5EFFADA7-81AB-488A-90BE-C6FA939ADCE7}.Debug|Any CPU.Build.0 = Debug|Any CPU
		{5EFFADA7-81AB-488A-90BE-C6FA939ADCE7}.Release|Any CPU.ActiveCfg = Release|Any CPU
		{5EFFADA7-81AB-488A-90BE-C6FA939ADCE7}.Release|Any CPU.Build.0 = Release|Any CPU
		{6FAB1954-3594-426A-A700-4F552DA7180C}.Debug|Any CPU.ActiveCfg = Debug|Any CPU
		{6FAB1954-3594-426A-A700-4F552DA7180C}.Debug|Any CPU.Build.0 = Debug|Any CPU
		{6FAB1954-3594-426A-A700-4F552DA7180C}.Release|Any CPU.ActiveCfg = Release|Any CPU
		{6FAB1954-3594-426A-A700-4F552DA7180C}.Release|Any CPU.Build.0 = Release|Any CPU
	EndGlobalSection
	GlobalSection(SolutionProperties) = preSolution
		HideSolutionNode = FALSE
	EndGlobalSection
	GlobalSection(ExtensibilityGlobals) = postSolution
		SolutionGuid = {8E3AEE25-752A-4191-96D0-9F73B1BF906F}
	EndGlobalSection
EndGlobal
